// !$*UTF8*$!
{
	archiveVersion = 1;
	classes = {
	};
	objectVersion = 77;
	objects = {

/* Begin PBXBuildFile section */
		C02A1FCD2D3688DB004AF8F9 /* Alamofire in Frameworks */ = {isa = PBXBuildFile; productRef = C02A1FCC2D3688DB004AF8F9 /* Alamofire */; };
		C02A1FCF2D3688DB004AF8F9 /* AlamofireDynamic in Frameworks */ = {isa = PBXBuildFile; productRef = C02A1FCE2D3688DB004AF8F9 /* AlamofireDynamic */; };
		C02A1FD22D368910004AF8F9 /* SwiftyJSON in Frameworks */ = {isa = PBXBuildFile; productRef = C02A1FD12D368910004AF8F9 /* SwiftyJSON */; };
		C02A1FD52D368930004AF8F9 /* Kingfisher in Frameworks */ = {isa = PBXBuildFile; productRef = C02A1FD42D368930004AF8F9 /* Kingfisher */; };
		C02A1FD82D36898E004AF8F9 /* SwiftSoup in Frameworks */ = {isa = PBXBuildFile; productRef = C02A1FD72D36898E004AF8F9 /* SwiftSoup */; };
		C02A1FDB2D368A80004AF8F9 /* Discovery in Frameworks */ = {isa = PBXBuildFile; productRef = C02A1FDA2D368A80004AF8F9 /* Discovery */; };
		C02A1FDD2D368A80004AF8F9 /* GoogleAPIRuntime in Frameworks */ = {isa = PBXBuildFile; productRef = C02A1FDC2D368A80004AF8F9 /* GoogleAPIRuntime */; };
		C02A1FE02D368BD7004AF8F9 /* GoogleSignIn in Frameworks */ = {isa = PBXBuildFile; productRef = C02A1FDF2D368BD7004AF8F9 /* GoogleSignIn */; };
		C02A1FE22D368BD7004AF8F9 /* GoogleSignInSwift in Frameworks */ = {isa = PBXBuildFile; productRef = C02A1FE12D368BD7004AF8F9 /* GoogleSignInSwift */; };
		C02A1FE52D368C65004AF8F9 /* GoogleAPIClientForRESTCore in Frameworks */ = {isa = PBXBuildFile; productRef = C02A1FE42D368C65004AF8F9 /* GoogleAPIClientForRESTCore */; };
		C02A1FE72D368CEA004AF8F9 /* GoogleAPIClientForREST_ACMEDNS in Frameworks */ = {isa = PBXBuildFile; productRef = C02A1FE62D368CEA004AF8F9 /* GoogleAPIClientForREST_ACMEDNS */; };
		C02A1FE92D368CEA004AF8F9 /* GoogleAPIClientForREST_AIPlatformNotebooks in Frameworks */ = {isa = PBXBuildFile; productRef = C02A1FE82D368CEA004AF8F9 /* GoogleAPIClientForREST_AIPlatformNotebooks */; };
		C02A1FEB2D368CEA004AF8F9 /* GoogleAPIClientForREST_APIGateway in Frameworks */ = {isa = PBXBuildFile; productRef = C02A1FEA2D368CEA004AF8F9 /* GoogleAPIClientForREST_APIGateway */; };
		C02A1FED2D368CEA004AF8F9 /* GoogleAPIClientForREST_APIManagement in Frameworks */ = {isa = PBXBuildFile; productRef = C02A1FEC2D368CEA004AF8F9 /* GoogleAPIClientForREST_APIManagement */; };
		C02A1FEF2D368CEA004AF8F9 /* GoogleAPIClientForREST_AbusiveExperienceReport in Frameworks */ = {isa = PBXBuildFile; productRef = C02A1FEE2D368CEA004AF8F9 /* GoogleAPIClientForREST_AbusiveExperienceReport */; };
		C02A1FF12D368CEA004AF8F9 /* GoogleAPIClientForREST_Acceleratedmobilepageurl in Frameworks */ = {isa = PBXBuildFile; productRef = C02A1FF02D368CEA004AF8F9 /* GoogleAPIClientForREST_Acceleratedmobilepageurl */; };
		C02A1FF32D368CEA004AF8F9 /* GoogleAPIClientForREST_AccessApproval in Frameworks */ = {isa = PBXBuildFile; productRef = C02A1FF22D368CEA004AF8F9 /* GoogleAPIClientForREST_AccessApproval */; };
		C02A1FF52D368CEA004AF8F9 /* GoogleAPIClientForREST_AccessContextManager in Frameworks */ = {isa = PBXBuildFile; productRef = C02A1FF42D368CEA004AF8F9 /* GoogleAPIClientForREST_AccessContextManager */; };
		C02A1FF72D368CEA004AF8F9 /* GoogleAPIClientForREST_AdExchangeBuyerII in Frameworks */ = {isa = PBXBuildFile; productRef = C02A1FF62D368CEA004AF8F9 /* GoogleAPIClientForREST_AdExchangeBuyerII */; };
		C02A1FFB2D36ACE6004AF8F9 /* GoogleAPIClientForREST_AdExperienceReport in Frameworks */ = {isa = PBXBuildFile; productRef = C02A1FFA2D36ACE6004AF8F9 /* GoogleAPIClientForREST_AdExperienceReport */; };
		C02A1FFD2D36ACE6004AF8F9 /* GoogleAPIClientForREST_AdMob in Frameworks */ = {isa = PBXBuildFile; productRef = C02A1FFC2D36ACE6004AF8F9 /* GoogleAPIClientForREST_AdMob */; };
		C02A1FFF2D36ACE6004AF8F9 /* GoogleAPIClientForREST_AdSenseHost in Frameworks */ = {isa = PBXBuildFile; productRef = C02A1FFE2D36ACE6004AF8F9 /* GoogleAPIClientForREST_AdSenseHost */; };
		C02A20012D36ACE6004AF8F9 /* GoogleAPIClientForREST_AdSensePlatform in Frameworks */ = {isa = PBXBuildFile; productRef = C02A20002D36ACE6004AF8F9 /* GoogleAPIClientForREST_AdSensePlatform */; };
		C02A20032D36ACE6004AF8F9 /* GoogleAPIClientForREST_AddressValidation in Frameworks */ = {isa = PBXBuildFile; productRef = C02A20022D36ACE6004AF8F9 /* GoogleAPIClientForREST_AddressValidation */; };
		C02A20052D36ACE6004AF8F9 /* GoogleAPIClientForREST_Adsense in Frameworks */ = {isa = PBXBuildFile; productRef = C02A20042D36ACE6004AF8F9 /* GoogleAPIClientForREST_Adsense */; };
		C02A20072D36ACE6004AF8F9 /* GoogleAPIClientForREST_Advisorynotifications in Frameworks */ = {isa = PBXBuildFile; productRef = C02A20062D36ACE6004AF8F9 /* GoogleAPIClientForREST_Advisorynotifications */; };
		C02A20092D36ACE6004AF8F9 /* GoogleAPIClientForREST_Aiplatform in Frameworks */ = {isa = PBXBuildFile; productRef = C02A20082D36ACE6004AF8F9 /* GoogleAPIClientForREST_Aiplatform */; };
		C02A200B2D36ACE6004AF8F9 /* GoogleAPIClientForREST_AirQuality in Frameworks */ = {isa = PBXBuildFile; productRef = C02A200A2D36ACE6004AF8F9 /* GoogleAPIClientForREST_AirQuality */; };
		C02A200D2D36ACE6004AF8F9 /* GoogleAPIClientForREST_AlertCenter in Frameworks */ = {isa = PBXBuildFile; productRef = C02A200C2D36ACE6004AF8F9 /* GoogleAPIClientForREST_AlertCenter */; };
/* End PBXBuildFile section */

/* Begin PBXContainerItemProxy section */
		C02A1F992D366C1B004AF8F9 /* PBXContainerItemProxy */ = {
			isa = PBXContainerItemProxy;
			containerPortal = C02A1F7F2D366C1A004AF8F9 /* Project object */;
			proxyType = 1;
			remoteGlobalIDString = C02A1F862D366C1A004AF8F9;
			remoteInfo = Jarvis;
		};
		C02A1FA32D366C1B004AF8F9 /* PBXContainerItemProxy */ = {
			isa = PBXContainerItemProxy;
			containerPortal = C02A1F7F2D366C1A004AF8F9 /* Project object */;
			proxyType = 1;
			remoteGlobalIDString = C02A1F862D366C1A004AF8F9;
			remoteInfo = Jarvis;
		};
/* End PBXContainerItemProxy section */

/* Begin PBXFileReference section */
		C02A1F872D366C1A004AF8F9 /* Jarvis.app */ = {isa = PBXFileReference; explicitFileType = wrapper.application; includeInIndex = 0; path = Jarvis.app; sourceTree = BUILT_PRODUCTS_DIR; };
		C02A1F982D366C1B004AF8F9 /* JarvisTests.xctest */ = {isa = PBXFileReference; explicitFileType = wrapper.cfbundle; includeInIndex = 0; path = JarvisTests.xctest; sourceTree = BUILT_PRODUCTS_DIR; };
		C02A1FA22D366C1B004AF8F9 /* JarvisUITests.xctest */ = {isa = PBXFileReference; explicitFileType = wrapper.cfbundle; includeInIndex = 0; path = JarvisUITests.xctest; sourceTree = BUILT_PRODUCTS_DIR; };
		C07A75672D36B11D0019CFD2 /* AppTests.xctest */ = {isa = PBXFileReference; explicitFileType = wrapper.cfbundle; includeInIndex = 0; path = AppTests.xctest; sourceTree = BUILT_PRODUCTS_DIR; };
		C07A75712D36B11D0019CFD2 /* AppUITests.xctest */ = {isa = PBXFileReference; explicitFileType = wrapper.cfbundle; includeInIndex = 0; path = AppUITests.xctest; sourceTree = BUILT_PRODUCTS_DIR; };
/* End PBXFileReference section */

/* Begin PBXFileSystemSynchronizedRootGroup section */
		C02A1F892D366C1A004AF8F9 /* Jarvis */ = {
			isa = PBXFileSystemSynchronizedRootGroup;
			path = Jarvis;
			sourceTree = "<group>";
		};
		C02A1F9B2D366C1B004AF8F9 /* JarvisTests */ = {
			isa = PBXFileSystemSynchronizedRootGroup;
			path = JarvisTests;
			sourceTree = "<group>";
		};
		C02A1FA52D366C1B004AF8F9 /* JarvisUITests */ = {
			isa = PBXFileSystemSynchronizedRootGroup;
			path = JarvisUITests;
			sourceTree = "<group>";
		};
/* End PBXFileSystemSynchronizedRootGroup section */

/* Begin PBXFrameworksBuildPhase section */
		C02A1F842D366C1A004AF8F9 /* Frameworks */ = {
			isa = PBXFrameworksBuildPhase;
			buildActionMask = 2147483647;
			files = (
				C02A20012D36ACE6004AF8F9 /* GoogleAPIClientForREST_AdSensePlatform in Frameworks */,
				C02A1FFB2D36ACE6004AF8F9 /* GoogleAPIClientForREST_AdExperienceReport in Frameworks */,
				C02A1FEB2D368CEA004AF8F9 /* GoogleAPIClientForREST_APIGateway in Frameworks */,
				C02A20032D36ACE6004AF8F9 /* GoogleAPIClientForREST_AddressValidation in Frameworks */,
				C02A1FED2D368CEA004AF8F9 /* GoogleAPIClientForREST_APIManagement in Frameworks */,
				C02A1FE52D368C65004AF8F9 /* GoogleAPIClientForRESTCore in Frameworks */,
				C02A1FE22D368BD7004AF8F9 /* GoogleSignInSwift in Frameworks */,
				C02A1FD52D368930004AF8F9 /* Kingfisher in Frameworks */,
				C02A1FF52D368CEA004AF8F9 /* GoogleAPIClientForREST_AccessContextManager in Frameworks */,
				C02A1FE02D368BD7004AF8F9 /* GoogleSignIn in Frameworks */,
				C02A1FF72D368CEA004AF8F9 /* GoogleAPIClientForREST_AdExchangeBuyerII in Frameworks */,
				C02A20052D36ACE6004AF8F9 /* GoogleAPIClientForREST_Adsense in Frameworks */,
				C02A1FD22D368910004AF8F9 /* SwiftyJSON in Frameworks */,
				C02A200D2D36ACE6004AF8F9 /* GoogleAPIClientForREST_AlertCenter in Frameworks */,
				C02A20072D36ACE6004AF8F9 /* GoogleAPIClientForREST_Advisorynotifications in Frameworks */,
				C02A1FCD2D3688DB004AF8F9 /* Alamofire in Frameworks */,
				C02A1FCF2D3688DB004AF8F9 /* AlamofireDynamic in Frameworks */,
				C02A1FE92D368CEA004AF8F9 /* GoogleAPIClientForREST_AIPlatformNotebooks in Frameworks */,
				C02A1FFF2D36ACE6004AF8F9 /* GoogleAPIClientForREST_AdSenseHost in Frameworks */,
				C02A20092D36ACE6004AF8F9 /* GoogleAPIClientForREST_Aiplatform in Frameworks */,
				C02A1FE72D368CEA004AF8F9 /* GoogleAPIClientForREST_ACMEDNS in Frameworks */,
				C02A1FD82D36898E004AF8F9 /* SwiftSoup in Frameworks */,
				C02A1FDD2D368A80004AF8F9 /* GoogleAPIRuntime in Frameworks */,
				C02A1FFD2D36ACE6004AF8F9 /* GoogleAPIClientForREST_AdMob in Frameworks */,
				C02A1FF32D368CEA004AF8F9 /* GoogleAPIClientForREST_AccessApproval in Frameworks */,
				C02A200B2D36ACE6004AF8F9 /* GoogleAPIClientForREST_AirQuality in Frameworks */,
				C02A1FEF2D368CEA004AF8F9 /* GoogleAPIClientForREST_AbusiveExperienceReport in Frameworks */,
				C02A1FF12D368CEA004AF8F9 /* GoogleAPIClientForREST_Acceleratedmobilepageurl in Frameworks */,
				C02A1FDB2D368A80004AF8F9 /* Discovery in Frameworks */,
			);
			runOnlyForDeploymentPostprocessing = 0;
		};
		C02A1F952D366C1B004AF8F9 /* Frameworks */ = {
			isa = PBXFrameworksBuildPhase;
			buildActionMask = 2147483647;
			files = (
			);
			runOnlyForDeploymentPostprocessing = 0;
		};
		C02A1F9F2D366C1B004AF8F9 /* Frameworks */ = {
			isa = PBXFrameworksBuildPhase;
			buildActionMask = 2147483647;
			files = (
			);
			runOnlyForDeploymentPostprocessing = 0;
		};
		C07A75642D36B11D0019CFD2 /* Frameworks */ = {
			isa = PBXFrameworksBuildPhase;
			buildActionMask = 2147483647;
			files = (
			);
			runOnlyForDeploymentPostprocessing = 0;
		};
		C07A756E2D36B11D0019CFD2 /* Frameworks */ = {
			isa = PBXFrameworksBuildPhase;
			buildActionMask = 2147483647;
			files = (
			);
			runOnlyForDeploymentPostprocessing = 0;
		};
/* End PBXFrameworksBuildPhase section */

/* Begin PBXGroup section */
		C02A1F7E2D366C1A004AF8F9 = {
			isa = PBXGroup;
			children = (
				C02A1F892D366C1A004AF8F9 /* Jarvis */,
				C02A1F9B2D366C1B004AF8F9 /* JarvisTests */,
				C02A1FA52D366C1B004AF8F9 /* JarvisUITests */,
				C02A1F882D366C1A004AF8F9 /* Products */,
			);
			sourceTree = "<group>";
		};
		C02A1F882D366C1A004AF8F9 /* Products */ = {
			isa = PBXGroup;
			children = (
				C02A1F872D366C1A004AF8F9 /* Jarvis.app */,
				C02A1F982D366C1B004AF8F9 /* JarvisTests.xctest */,
				C02A1FA22D366C1B004AF8F9 /* JarvisUITests.xctest */,
				C07A75672D36B11D0019CFD2 /* AppTests.xctest */,
				C07A75712D36B11D0019CFD2 /* AppUITests.xctest */,
			);
			name = Products;
			sourceTree = "<group>";
		};
/* End PBXGroup section */

/* Begin PBXNativeTarget section */
		C02A1F862D366C1A004AF8F9 /* Jarvis */ = {
			isa = PBXNativeTarget;
			buildConfigurationList = C02A1FAC2D366C1B004AF8F9 /* Build configuration list for PBXNativeTarget "Jarvis" */;
			buildPhases = (
				C02A1F832D366C1A004AF8F9 /* Sources */,
				C02A1F842D366C1A004AF8F9 /* Frameworks */,
				C02A1F852D366C1A004AF8F9 /* Resources */,
			);
			buildRules = (
			);
			dependencies = (
			);
			fileSystemSynchronizedGroups = (
				C02A1F892D366C1A004AF8F9 /* Jarvis */,
			);
			name = Jarvis;
			packageProductDependencies = (
				C02A1FCC2D3688DB004AF8F9 /* Alamofire */,
				C02A1FCE2D3688DB004AF8F9 /* AlamofireDynamic */,
				C02A1FD12D368910004AF8F9 /* SwiftyJSON */,
				C02A1FD42D368930004AF8F9 /* Kingfisher */,
				C02A1FD72D36898E004AF8F9 /* SwiftSoup */,
				C02A1FDA2D368A80004AF8F9 /* Discovery */,
				C02A1FDC2D368A80004AF8F9 /* GoogleAPIRuntime */,
				C02A1FDF2D368BD7004AF8F9 /* GoogleSignIn */,
				C02A1FE12D368BD7004AF8F9 /* GoogleSignInSwift */,
				C02A1FE42D368C65004AF8F9 /* GoogleAPIClientForRESTCore */,
				C02A1FE62D368CEA004AF8F9 /* GoogleAPIClientForREST_ACMEDNS */,
				C02A1FE82D368CEA004AF8F9 /* GoogleAPIClientForREST_AIPlatformNotebooks */,
				C02A1FEA2D368CEA004AF8F9 /* GoogleAPIClientForREST_APIGateway */,
				C02A1FEC2D368CEA004AF8F9 /* GoogleAPIClientForREST_APIManagement */,
				C02A1FEE2D368CEA004AF8F9 /* GoogleAPIClientForREST_AbusiveExperienceReport */,
				C02A1FF02D368CEA004AF8F9 /* GoogleAPIClientForREST_Acceleratedmobilepageurl */,
				C02A1FF22D368CEA004AF8F9 /* GoogleAPIClientForREST_AccessApproval */,
				C02A1FF42D368CEA004AF8F9 /* GoogleAPIClientForREST_AccessContextManager */,
				C02A1FF62D368CEA004AF8F9 /* GoogleAPIClientForREST_AdExchangeBuyerII */,
				C02A1FFA2D36ACE6004AF8F9 /* GoogleAPIClientForREST_AdExperienceReport */,
				C02A1FFC2D36ACE6004AF8F9 /* GoogleAPIClientForREST_AdMob */,
				C02A1FFE2D36ACE6004AF8F9 /* GoogleAPIClientForREST_AdSenseHost */,
				C02A20002D36ACE6004AF8F9 /* GoogleAPIClientForREST_AdSensePlatform */,
				C02A20022D36ACE6004AF8F9 /* GoogleAPIClientForREST_AddressValidation */,
				C02A20042D36ACE6004AF8F9 /* GoogleAPIClientForREST_Adsense */,
				C02A20062D36ACE6004AF8F9 /* GoogleAPIClientForREST_Advisorynotifications */,
				C02A20082D36ACE6004AF8F9 /* GoogleAPIClientForREST_Aiplatform */,
				C02A200A2D36ACE6004AF8F9 /* GoogleAPIClientForREST_AirQuality */,
				C02A200C2D36ACE6004AF8F9 /* GoogleAPIClientForREST_AlertCenter */,
			);
			productName = Jarvis;
			productReference = C02A1F872D366C1A004AF8F9 /* Jarvis.app */;
			productType = "com.apple.product-type.application";
		};
		C02A1F972D366C1B004AF8F9 /* JarvisTests */ = {
			isa = PBXNativeTarget;
			buildConfigurationList = C02A1FAF2D366C1B004AF8F9 /* Build configuration list for PBXNativeTarget "JarvisTests" */;
			buildPhases = (
				C02A1F942D366C1B004AF8F9 /* Sources */,
				C02A1F952D366C1B004AF8F9 /* Frameworks */,
				C02A1F962D366C1B004AF8F9 /* Resources */,
			);
			buildRules = (
			);
			dependencies = (
				C02A1F9A2D366C1B004AF8F9 /* PBXTargetDependency */,
			);
			fileSystemSynchronizedGroups = (
				C02A1F9B2D366C1B004AF8F9 /* JarvisTests */,
			);
			name = JarvisTests;
			packageProductDependencies = (
			);
			productName = JarvisTests;
			productReference = C02A1F982D366C1B004AF8F9 /* JarvisTests.xctest */;
			productType = "com.apple.product-type.bundle.unit-test";
		};
		C02A1FA12D366C1B004AF8F9 /* JarvisUITests */ = {
			isa = PBXNativeTarget;
			buildConfigurationList = C02A1FB22D366C1B004AF8F9 /* Build configuration list for PBXNativeTarget "JarvisUITests" */;
			buildPhases = (
				C02A1F9E2D366C1B004AF8F9 /* Sources */,
				C02A1F9F2D366C1B004AF8F9 /* Frameworks */,
				C02A1FA02D366C1B004AF8F9 /* Resources */,
			);
			buildRules = (
			);
			dependencies = (
				C02A1FA42D366C1B004AF8F9 /* PBXTargetDependency */,
			);
			fileSystemSynchronizedGroups = (
				C02A1FA52D366C1B004AF8F9 /* JarvisUITests */,
			);
			name = JarvisUITests;
			packageProductDependencies = (
			);
			productName = JarvisUITests;
			productReference = C02A1FA22D366C1B004AF8F9 /* JarvisUITests.xctest */;
			productType = "com.apple.product-type.bundle.ui-testing";
		};
		C07A75662D36B11D0019CFD2 /* AppTests */ = {
			isa = PBXNativeTarget;
			buildConfigurationList = C07A757C2D36B11D0019CFD2 /* Build configuration list for PBXNativeTarget "AppTests" */;
			buildPhases = (
				C07A75632D36B11D0019CFD2 /* Sources */,
				C07A75642D36B11D0019CFD2 /* Frameworks */,
				C07A75652D36B11D0019CFD2 /* Resources */,
			);
			buildRules = (
			);
			dependencies = (
			);
			name = AppTests;
			packageProductDependencies = (
			);
			productName = AppTests;
			productReference = C07A75672D36B11D0019CFD2 /* AppTests.xctest */;
			productType = "com.apple.product-type.bundle.unit-test";
		};
		C07A75702D36B11D0019CFD2 /* AppUITests */ = {
			isa = PBXNativeTarget;
			buildConfigurationList = C07A757F2D36B11D0019CFD2 /* Build configuration list for PBXNativeTarget "AppUITests" */;
			buildPhases = (
				C07A756D2D36B11D0019CFD2 /* Sources */,
				C07A756E2D36B11D0019CFD2 /* Frameworks */,
				C07A756F2D36B11D0019CFD2 /* Resources */,
			);
			buildRules = (
			);
			dependencies = (
			);
			name = AppUITests;
			packageProductDependencies = (
			);
			productName = AppUITests;
			productReference = C07A75712D36B11D0019CFD2 /* AppUITests.xctest */;
			productType = "com.apple.product-type.bundle.ui-testing";
		};
/* End PBXNativeTarget section */

/* Begin PBXProject section */
		C02A1F7F2D366C1A004AF8F9 /* Project object */ = {
			isa = PBXProject;
			attributes = {
				BuildIndependentTargetsInParallel = 1;
				LastSwiftUpdateCheck = 1620;
				LastUpgradeCheck = 1620;
				TargetAttributes = {
					C02A1F862D366C1A004AF8F9 = {
						CreatedOnToolsVersion = 16.2;
					};
					C02A1F972D366C1B004AF8F9 = {
						CreatedOnToolsVersion = 16.2;
						TestTargetID = C02A1F862D366C1A004AF8F9;
					};
					C02A1FA12D366C1B004AF8F9 = {
						CreatedOnToolsVersion = 16.2;
						TestTargetID = C02A1F862D366C1A004AF8F9;
					};
					C07A75662D36B11D0019CFD2 = {
						CreatedOnToolsVersion = 16.2;
						TestTargetID = C07A75562D36B11C0019CFD2;
					};
					C07A75702D36B11D0019CFD2 = {
						CreatedOnToolsVersion = 16.2;
						TestTargetID = C07A75562D36B11C0019CFD2;
					};
				};
			};
			buildConfigurationList = C02A1F822D366C1A004AF8F9 /* Build configuration list for PBXProject "Jarvis" */;
			developmentRegion = en;
			hasScannedForEncodings = 0;
			knownRegions = (
				en,
				Base,
			);
			mainGroup = C02A1F7E2D366C1A004AF8F9;
			minimizedProjectReferenceProxies = 1;
			packageReferences = (
				C02A1FCB2D3688DB004AF8F9 /* XCRemoteSwiftPackageReference "Alamofire" */,
				C02A1FD02D368910004AF8F9 /* XCRemoteSwiftPackageReference "SwiftyJSON" */,
				C02A1FD32D368930004AF8F9 /* XCRemoteSwiftPackageReference "Kingfisher" */,
				C02A1FD62D36898E004AF8F9 /* XCRemoteSwiftPackageReference "SwiftSoup" */,
				C02A1FD92D368A80004AF8F9 /* XCRemoteSwiftPackageReference "google-api-swift-client" */,
				C02A1FDE2D368BD7004AF8F9 /* XCRemoteSwiftPackageReference "GoogleSignIn-iOS" */,
				C02A1FE32D368C65004AF8F9 /* XCRemoteSwiftPackageReference "google-api-objectivec-client-for-rest" */,
			);
			preferredProjectObjectVersion = 77;
			productRefGroup = C02A1F882D366C1A004AF8F9 /* Products */;
			projectDirPath = "";
			projectRoot = "";
			targets = (
				C02A1F862D366C1A004AF8F9 /* Jarvis */,
				C02A1F972D366C1B004AF8F9 /* JarvisTests */,
				C02A1FA12D366C1B004AF8F9 /* JarvisUITests */,
				C07A75662D36B11D0019CFD2 /* AppTests */,
				C07A75702D36B11D0019CFD2 /* AppUITests */,
			);
		};
/* End PBXProject section */

/* Begin PBXResourcesBuildPhase section */
		C02A1F852D366C1A004AF8F9 /* Resources */ = {
			isa = PBXResourcesBuildPhase;
			buildActionMask = 2147483647;
			files = (
			);
			runOnlyForDeploymentPostprocessing = 0;
		};
		C02A1F962D366C1B004AF8F9 /* Resources */ = {
			isa = PBXResourcesBuildPhase;
			buildActionMask = 2147483647;
			files = (
			);
			runOnlyForDeploymentPostprocessing = 0;
		};
		C02A1FA02D366C1B004AF8F9 /* Resources */ = {
			isa = PBXResourcesBuildPhase;
			buildActionMask = 2147483647;
			files = (
			);
			runOnlyForDeploymentPostprocessing = 0;
		};
		C07A75652D36B11D0019CFD2 /* Resources */ = {
			isa = PBXResourcesBuildPhase;
			buildActionMask = 2147483647;
			files = (
			);
			runOnlyForDeploymentPostprocessing = 0;
		};
		C07A756F2D36B11D0019CFD2 /* Resources */ = {
			isa = PBXResourcesBuildPhase;
			buildActionMask = 2147483647;
			files = (
			);
			runOnlyForDeploymentPostprocessing = 0;
		};
/* End PBXResourcesBuildPhase section */

/* Begin PBXSourcesBuildPhase section */
		C02A1F832D366C1A004AF8F9 /* Sources */ = {
			isa = PBXSourcesBuildPhase;
			buildActionMask = 2147483647;
			files = (
			);
			runOnlyForDeploymentPostprocessing = 0;
		};
		C02A1F942D366C1B004AF8F9 /* Sources */ = {
			isa = PBXSourcesBuildPhase;
			buildActionMask = 2147483647;
			files = (
			);
			runOnlyForDeploymentPostprocessing = 0;
		};
		C02A1F9E2D366C1B004AF8F9 /* Sources */ = {
			isa = PBXSourcesBuildPhase;
			buildActionMask = 2147483647;
			files = (
			);
			runOnlyForDeploymentPostprocessing = 0;
		};
		C07A75632D36B11D0019CFD2 /* Sources */ = {
			isa = PBXSourcesBuildPhase;
			buildActionMask = 2147483647;
			files = (
			);
			runOnlyForDeploymentPostprocessing = 0;
		};
		C07A756D2D36B11D0019CFD2 /* Sources */ = {
			isa = PBXSourcesBuildPhase;
			buildActionMask = 2147483647;
			files = (
			);
			runOnlyForDeploymentPostprocessing = 0;
		};
/* End PBXSourcesBuildPhase section */

/* Begin PBXTargetDependency section */
		C02A1F9A2D366C1B004AF8F9 /* PBXTargetDependency */ = {
			isa = PBXTargetDependency;
			target = C02A1F862D366C1A004AF8F9 /* Jarvis */;
			targetProxy = C02A1F992D366C1B004AF8F9 /* PBXContainerItemProxy */;
		};
		C02A1FA42D366C1B004AF8F9 /* PBXTargetDependency */ = {
			isa = PBXTargetDependency;
			target = C02A1F862D366C1A004AF8F9 /* Jarvis */;
			targetProxy = C02A1FA32D366C1B004AF8F9 /* PBXContainerItemProxy */;
		};
/* End PBXTargetDependency section */

/* Begin XCBuildConfiguration section */
		C02A1FAA2D366C1B004AF8F9 /* Debug */ = {
			isa = XCBuildConfiguration;
			buildSettings = {
				ALWAYS_SEARCH_USER_PATHS = NO;
				ASSETCATALOG_COMPILER_GENERATE_SWIFT_ASSET_SYMBOL_EXTENSIONS = YES;
				CLANG_ANALYZER_NONNULL = YES;
				CLANG_ANALYZER_NUMBER_OBJECT_CONVERSION = YES_AGGRESSIVE;
				CLANG_CXX_LANGUAGE_STANDARD = "gnu++20";
				CLANG_ENABLE_MODULES = YES;
				CLANG_ENABLE_OBJC_ARC = YES;
				CLANG_ENABLE_OBJC_WEAK = YES;
				CLANG_WARN_BLOCK_CAPTURE_AUTORELEASING = YES;
				CLANG_WARN_BOOL_CONVERSION = YES;
				CLANG_WARN_COMMA = YES;
				CLANG_WARN_CONSTANT_CONVERSION = YES;
				CLANG_WARN_DEPRECATED_OBJC_IMPLEMENTATIONS = YES;
				CLANG_WARN_DIRECT_OBJC_ISA_USAGE = YES_ERROR;
				CLANG_WARN_DOCUMENTATION_COMMENTS = YES;
				CLANG_WARN_EMPTY_BODY = YES;
				CLANG_WARN_ENUM_CONVERSION = YES;
				CLANG_WARN_INFINITE_RECURSION = YES;
				CLANG_WARN_INT_CONVERSION = YES;
				CLANG_WARN_NON_LITERAL_NULL_CONVERSION = YES;
				CLANG_WARN_OBJC_IMPLICIT_RETAIN_SELF = YES;
				CLANG_WARN_OBJC_LITERAL_CONVERSION = YES;
				CLANG_WARN_OBJC_ROOT_CLASS = YES_ERROR;
				CLANG_WARN_QUOTED_INCLUDE_IN_FRAMEWORK_HEADER = YES;
				CLANG_WARN_RANGE_LOOP_ANALYSIS = YES;
				CLANG_WARN_STRICT_PROTOTYPES = YES;
				CLANG_WARN_SUSPICIOUS_MOVE = YES;
				CLANG_WARN_UNGUARDED_AVAILABILITY = YES_AGGRESSIVE;
				CLANG_WARN_UNREACHABLE_CODE = YES;
				CLANG_WARN__DUPLICATE_METHOD_MATCH = YES;
				COPY_PHASE_STRIP = NO;
				DEBUG_INFORMATION_FORMAT = dwarf;
				ENABLE_STRICT_OBJC_MSGSEND = YES;
				ENABLE_TESTABILITY = YES;
				ENABLE_USER_SCRIPT_SANDBOXING = YES;
				GCC_C_LANGUAGE_STANDARD = gnu17;
				GCC_DYNAMIC_NO_PIC = NO;
				GCC_NO_COMMON_BLOCKS = YES;
				GCC_OPTIMIZATION_LEVEL = 0;
				GCC_PREPROCESSOR_DEFINITIONS = (
					"DEBUG=1",
					"$(inherited)",
				);
				GCC_WARN_64_TO_32_BIT_CONVERSION = YES;
				GCC_WARN_ABOUT_RETURN_TYPE = YES_ERROR;
				GCC_WARN_UNDECLARED_SELECTOR = YES;
				GCC_WARN_UNINITIALIZED_AUTOS = YES_AGGRESSIVE;
				GCC_WARN_UNUSED_FUNCTION = YES;
				GCC_WARN_UNUSED_VARIABLE = YES;
				LOCALIZATION_PREFERS_STRING_CATALOGS = YES;
				MTL_ENABLE_DEBUG_INFO = INCLUDE_SOURCE;
				MTL_FAST_MATH = YES;
				ONLY_ACTIVE_ARCH = YES;
				SWIFT_ACTIVE_COMPILATION_CONDITIONS = "DEBUG $(inherited)";
				SWIFT_OPTIMIZATION_LEVEL = "-Onone";
			};
			name = Debug;
		};
		C02A1FAB2D366C1B004AF8F9 /* Release */ = {
			isa = XCBuildConfiguration;
			buildSettings = {
				ALWAYS_SEARCH_USER_PATHS = NO;
				ASSETCATALOG_COMPILER_GENERATE_SWIFT_ASSET_SYMBOL_EXTENSIONS = YES;
				CLANG_ANALYZER_NONNULL = YES;
				CLANG_ANALYZER_NUMBER_OBJECT_CONVERSION = YES_AGGRESSIVE;
				CLANG_CXX_LANGUAGE_STANDARD = "gnu++20";
				CLANG_ENABLE_MODULES = YES;
				CLANG_ENABLE_OBJC_ARC = YES;
				CLANG_ENABLE_OBJC_WEAK = YES;
				CLANG_WARN_BLOCK_CAPTURE_AUTORELEASING = YES;
				CLANG_WARN_BOOL_CONVERSION = YES;
				CLANG_WARN_COMMA = YES;
				CLANG_WARN_CONSTANT_CONVERSION = YES;
				CLANG_WARN_DEPRECATED_OBJC_IMPLEMENTATIONS = YES;
				CLANG_WARN_DIRECT_OBJC_ISA_USAGE = YES_ERROR;
				CLANG_WARN_DOCUMENTATION_COMMENTS = YES;
				CLANG_WARN_EMPTY_BODY = YES;
				CLANG_WARN_ENUM_CONVERSION = YES;
				CLANG_WARN_INFINITE_RECURSION = YES;
				CLANG_WARN_INT_CONVERSION = YES;
				CLANG_WARN_NON_LITERAL_NULL_CONVERSION = YES;
				CLANG_WARN_OBJC_IMPLICIT_RETAIN_SELF = YES;
				CLANG_WARN_OBJC_LITERAL_CONVERSION = YES;
				CLANG_WARN_OBJC_ROOT_CLASS = YES_ERROR;
				CLANG_WARN_QUOTED_INCLUDE_IN_FRAMEWORK_HEADER = YES;
				CLANG_WARN_RANGE_LOOP_ANALYSIS = YES;
				CLANG_WARN_STRICT_PROTOTYPES = YES;
				CLANG_WARN_SUSPICIOUS_MOVE = YES;
				CLANG_WARN_UNGUARDED_AVAILABILITY = YES_AGGRESSIVE;
				CLANG_WARN_UNREACHABLE_CODE = YES;
				CLANG_WARN__DUPLICATE_METHOD_MATCH = YES;
				COPY_PHASE_STRIP = NO;
				DEBUG_INFORMATION_FORMAT = "dwarf-with-dsym";
				ENABLE_NS_ASSERTIONS = NO;
				ENABLE_STRICT_OBJC_MSGSEND = YES;
				ENABLE_USER_SCRIPT_SANDBOXING = YES;
				GCC_C_LANGUAGE_STANDARD = gnu17;
				GCC_NO_COMMON_BLOCKS = YES;
				GCC_WARN_64_TO_32_BIT_CONVERSION = YES;
				GCC_WARN_ABOUT_RETURN_TYPE = YES_ERROR;
				GCC_WARN_UNDECLARED_SELECTOR = YES;
				GCC_WARN_UNINITIALIZED_AUTOS = YES_AGGRESSIVE;
				GCC_WARN_UNUSED_FUNCTION = YES;
				GCC_WARN_UNUSED_VARIABLE = YES;
				LOCALIZATION_PREFERS_STRING_CATALOGS = YES;
				MTL_ENABLE_DEBUG_INFO = NO;
				MTL_FAST_MATH = YES;
				SWIFT_COMPILATION_MODE = wholemodule;
			};
			name = Release;
		};
		C02A1FAD2D366C1B004AF8F9 /* Debug */ = {
			isa = XCBuildConfiguration;
			buildSettings = {
				ASSETCATALOG_COMPILER_APPICON_NAME = AppIcon;
				ASSETCATALOG_COMPILER_GLOBAL_ACCENT_COLOR_NAME = AccentColor;
				CODE_SIGN_ENTITLEMENTS = Jarvis/Jarvis.entitlements;
				"CODE_SIGN_IDENTITY[sdk=macosx*]" = "-";
				CODE_SIGN_STYLE = Automatic;
				CURRENT_PROJECT_VERSION = 1;
				DEVELOPMENT_ASSET_PATHS = "\"Jarvis/Preview Content\"";
				ENABLE_PREVIEWS = YES;
				GENERATE_INFOPLIST_FILE = YES;
				INFOPLIST_KEY_LSApplicationCategoryType = "public.app-category.productivity";
				"INFOPLIST_KEY_UIApplicationSceneManifest_Generation[sdk=iphoneos*]" = YES;
				"INFOPLIST_KEY_UIApplicationSceneManifest_Generation[sdk=iphonesimulator*]" = YES;
				"INFOPLIST_KEY_UIApplicationSupportsIndirectInputEvents[sdk=iphoneos*]" = YES;
				"INFOPLIST_KEY_UIApplicationSupportsIndirectInputEvents[sdk=iphonesimulator*]" = YES;
				"INFOPLIST_KEY_UILaunchScreen_Generation[sdk=iphoneos*]" = YES;
				"INFOPLIST_KEY_UILaunchScreen_Generation[sdk=iphonesimulator*]" = YES;
				"INFOPLIST_KEY_UIStatusBarStyle[sdk=iphoneos*]" = UIStatusBarStyleDefault;
				"INFOPLIST_KEY_UIStatusBarStyle[sdk=iphonesimulator*]" = UIStatusBarStyleDefault;
				INFOPLIST_KEY_UISupportedInterfaceOrientations_iPad = "UIInterfaceOrientationPortrait UIInterfaceOrientationPortraitUpsideDown UIInterfaceOrientationLandscapeLeft UIInterfaceOrientationLandscapeRight";
				INFOPLIST_KEY_UISupportedInterfaceOrientations_iPhone = "UIInterfaceOrientationPortrait UIInterfaceOrientationLandscapeLeft UIInterfaceOrientationLandscapeRight";
				IPHONEOS_DEPLOYMENT_TARGET = 18.2;
				LD_RUNPATH_SEARCH_PATHS = "@executable_path/Frameworks";
				"LD_RUNPATH_SEARCH_PATHS[sdk=macosx*]" = "@executable_path/../Frameworks";
				MACOSX_DEPLOYMENT_TARGET = 15.2;
				MARKETING_VERSION = 1.0;
				PRODUCT_BUNDLE_IDENTIFIER = "-99gabriel.Jarvis";
				PRODUCT_NAME = "$(TARGET_NAME)";
				SDKROOT = auto;
				SUPPORTED_PLATFORMS = "iphoneos iphonesimulator macosx xros xrsimulator";
				SWIFT_EMIT_LOC_STRINGS = YES;
				SWIFT_VERSION = 5.0;
				TARGETED_DEVICE_FAMILY = "1,2,7";
				XROS_DEPLOYMENT_TARGET = 2.2;
			};
			name = Debug;
		};
		C02A1FAE2D366C1B004AF8F9 /* Release */ = {
			isa = XCBuildConfiguration;
			buildSettings = {
				ASSETCATALOG_COMPILER_APPICON_NAME = AppIcon;
				ASSETCATALOG_COMPILER_GLOBAL_ACCENT_COLOR_NAME = AccentColor;
				CODE_SIGN_ENTITLEMENTS = Jarvis/Jarvis.entitlements;
				"CODE_SIGN_IDENTITY[sdk=macosx*]" = "-";
				CODE_SIGN_STYLE = Automatic;
				CURRENT_PROJECT_VERSION = 1;
				DEVELOPMENT_ASSET_PATHS = "\"Jarvis/Preview Content\"";
				ENABLE_PREVIEWS = YES;
				GENERATE_INFOPLIST_FILE = YES;
				INFOPLIST_KEY_LSApplicationCategoryType = "public.app-category.productivity";
				"INFOPLIST_KEY_UIApplicationSceneManifest_Generation[sdk=iphoneos*]" = YES;
				"INFOPLIST_KEY_UIApplicationSceneManifest_Generation[sdk=iphonesimulator*]" = YES;
				"INFOPLIST_KEY_UIApplicationSupportsIndirectInputEvents[sdk=iphoneos*]" = YES;
				"INFOPLIST_KEY_UIApplicationSupportsIndirectInputEvents[sdk=iphonesimulator*]" = YES;
				"INFOPLIST_KEY_UILaunchScreen_Generation[sdk=iphoneos*]" = YES;
				"INFOPLIST_KEY_UILaunchScreen_Generation[sdk=iphonesimulator*]" = YES;
				"INFOPLIST_KEY_UIStatusBarStyle[sdk=iphoneos*]" = UIStatusBarStyleDefault;
				"INFOPLIST_KEY_UIStatusBarStyle[sdk=iphonesimulator*]" = UIStatusBarStyleDefault;
				INFOPLIST_KEY_UISupportedInterfaceOrientations_iPad = "UIInterfaceOrientationPortrait UIInterfaceOrientationPortraitUpsideDown UIInterfaceOrientationLandscapeLeft UIInterfaceOrientationLandscapeRight";
				INFOPLIST_KEY_UISupportedInterfaceOrientations_iPhone = "UIInterfaceOrientationPortrait UIInterfaceOrientationLandscapeLeft UIInterfaceOrientationLandscapeRight";
				IPHONEOS_DEPLOYMENT_TARGET = 18.2;
				LD_RUNPATH_SEARCH_PATHS = "@executable_path/Frameworks";
				"LD_RUNPATH_SEARCH_PATHS[sdk=macosx*]" = "@executable_path/../Frameworks";
				MACOSX_DEPLOYMENT_TARGET = 15.2;
				MARKETING_VERSION = 1.0;
				PRODUCT_BUNDLE_IDENTIFIER = "-99gabriel.Jarvis";
				PRODUCT_NAME = "$(TARGET_NAME)";
				SDKROOT = auto;
				SUPPORTED_PLATFORMS = "iphoneos iphonesimulator macosx xros xrsimulator";
				SWIFT_EMIT_LOC_STRINGS = YES;
				SWIFT_VERSION = 5.0;
				TARGETED_DEVICE_FAMILY = "1,2,7";
				XROS_DEPLOYMENT_TARGET = 2.2;
			};
			name = Release;
		};
		C02A1FB02D366C1B004AF8F9 /* Debug */ = {
			isa = XCBuildConfiguration;
			buildSettings = {
				BUNDLE_LOADER = "$(TEST_HOST)";
				CODE_SIGN_STYLE = Automatic;
				CURRENT_PROJECT_VERSION = 1;
				GENERATE_INFOPLIST_FILE = YES;
				IPHONEOS_DEPLOYMENT_TARGET = 18.2;
				MACOSX_DEPLOYMENT_TARGET = 15.2;
				MARKETING_VERSION = 1.0;
				PRODUCT_BUNDLE_IDENTIFIER = "-99gabriel.JarvisTests";
				PRODUCT_NAME = "$(TARGET_NAME)";
				SDKROOT = auto;
				SUPPORTED_PLATFORMS = "iphoneos iphonesimulator macosx xros xrsimulator";
				SWIFT_EMIT_LOC_STRINGS = NO;
				SWIFT_VERSION = 5.0;
				TARGETED_DEVICE_FAMILY = "1,2,7";
				TEST_HOST = "$(BUILT_PRODUCTS_DIR)/Jarvis.app/$(BUNDLE_EXECUTABLE_FOLDER_PATH)/Jarvis";
				XROS_DEPLOYMENT_TARGET = 2.2;
			};
			name = Debug;
		};
		C02A1FB12D366C1B004AF8F9 /* Release */ = {
			isa = XCBuildConfiguration;
			buildSettings = {
				BUNDLE_LOADER = "$(TEST_HOST)";
				CODE_SIGN_STYLE = Automatic;
				CURRENT_PROJECT_VERSION = 1;
				GENERATE_INFOPLIST_FILE = YES;
				IPHONEOS_DEPLOYMENT_TARGET = 18.2;
				MACOSX_DEPLOYMENT_TARGET = 15.2;
				MARKETING_VERSION = 1.0;
				PRODUCT_BUNDLE_IDENTIFIER = "-99gabriel.JarvisTests";
				PRODUCT_NAME = "$(TARGET_NAME)";
				SDKROOT = auto;
				SUPPORTED_PLATFORMS = "iphoneos iphonesimulator macosx xros xrsimulator";
				SWIFT_EMIT_LOC_STRINGS = NO;
				SWIFT_VERSION = 5.0;
				TARGETED_DEVICE_FAMILY = "1,2,7";
				TEST_HOST = "$(BUILT_PRODUCTS_DIR)/Jarvis.app/$(BUNDLE_EXECUTABLE_FOLDER_PATH)/Jarvis";
				XROS_DEPLOYMENT_TARGET = 2.2;
			};
			name = Release;
		};
		C02A1FB32D366C1B004AF8F9 /* Debug */ = {
			isa = XCBuildConfiguration;
			buildSettings = {
				CODE_SIGN_STYLE = Automatic;
				CURRENT_PROJECT_VERSION = 1;
				GENERATE_INFOPLIST_FILE = YES;
				IPHONEOS_DEPLOYMENT_TARGET = 18.2;
				MACOSX_DEPLOYMENT_TARGET = 15.2;
				MARKETING_VERSION = 1.0;
				PRODUCT_BUNDLE_IDENTIFIER = "-99gabriel.JarvisUITests";
				PRODUCT_NAME = "$(TARGET_NAME)";
				SDKROOT = auto;
				SUPPORTED_PLATFORMS = "iphoneos iphonesimulator macosx xros xrsimulator";
				SWIFT_EMIT_LOC_STRINGS = NO;
				SWIFT_VERSION = 5.0;
				TARGETED_DEVICE_FAMILY = "1,2,7";
				TEST_TARGET_NAME = Jarvis;
				XROS_DEPLOYMENT_TARGET = 2.2;
			};
			name = Debug;
		};
		C02A1FB42D366C1B004AF8F9 /* Release */ = {
			isa = XCBuildConfiguration;
			buildSettings = {
				CODE_SIGN_STYLE = Automatic;
				CURRENT_PROJECT_VERSION = 1;
				GENERATE_INFOPLIST_FILE = YES;
				IPHONEOS_DEPLOYMENT_TARGET = 18.2;
				MACOSX_DEPLOYMENT_TARGET = 15.2;
				MARKETING_VERSION = 1.0;
				PRODUCT_BUNDLE_IDENTIFIER = "-99gabriel.JarvisUITests";
				PRODUCT_NAME = "$(TARGET_NAME)";
				SDKROOT = auto;
				SUPPORTED_PLATFORMS = "iphoneos iphonesimulator macosx xros xrsimulator";
				SWIFT_EMIT_LOC_STRINGS = NO;
				SWIFT_VERSION = 5.0;
				TARGETED_DEVICE_FAMILY = "1,2,7";
				TEST_TARGET_NAME = Jarvis;
				XROS_DEPLOYMENT_TARGET = 2.2;
			};
			name = Release;
		};
		C07A757D2D36B11D0019CFD2 /* Debug */ = {
			isa = XCBuildConfiguration;
			buildSettings = {
				BUNDLE_LOADER = "$(TEST_HOST)";
				CODE_SIGN_STYLE = Automatic;
				CURRENT_PROJECT_VERSION = 1;
				GENERATE_INFOPLIST_FILE = YES;
				MACOSX_DEPLOYMENT_TARGET = 15.2;
				MARKETING_VERSION = 1.0;
				PRODUCT_BUNDLE_IDENTIFIER = "-99gabriel.Jarvis.AppTests";
				PRODUCT_NAME = "$(TARGET_NAME)";
				SDKROOT = macosx;
				SWIFT_EMIT_LOC_STRINGS = NO;
				SWIFT_VERSION = 5.0;
				TEST_HOST = "$(BUILT_PRODUCTS_DIR)/App.app/$(BUNDLE_EXECUTABLE_FOLDER_PATH)/App";
			};
			name = Debug;
		};
		C07A757E2D36B11D0019CFD2 /* Release */ = {
			isa = XCBuildConfiguration;
			buildSettings = {
				BUNDLE_LOADER = "$(TEST_HOST)";
				CODE_SIGN_STYLE = Automatic;
				CURRENT_PROJECT_VERSION = 1;
				GENERATE_INFOPLIST_FILE = YES;
				MACOSX_DEPLOYMENT_TARGET = 15.2;
				MARKETING_VERSION = 1.0;
				PRODUCT_BUNDLE_IDENTIFIER = "-99gabriel.Jarvis.AppTests";
				PRODUCT_NAME = "$(TARGET_NAME)";
				SDKROOT = macosx;
				SWIFT_EMIT_LOC_STRINGS = NO;
				SWIFT_VERSION = 5.0;
				TEST_HOST = "$(BUILT_PRODUCTS_DIR)/App.app/$(BUNDLE_EXECUTABLE_FOLDER_PATH)/App";
			};
			name = Release;
		};
		C07A75802D36B11D0019CFD2 /* Debug */ = {
			isa = XCBuildConfiguration;
			buildSettings = {
				CODE_SIGN_STYLE = Automatic;
				CURRENT_PROJECT_VERSION = 1;
				GENERATE_INFOPLIST_FILE = YES;
				MACOSX_DEPLOYMENT_TARGET = 15.2;
				MARKETING_VERSION = 1.0;
				PRODUCT_BUNDLE_IDENTIFIER = "-99gabriel.Jarvis.AppUITests";
				PRODUCT_NAME = "$(TARGET_NAME)";
				SDKROOT = macosx;
				SWIFT_EMIT_LOC_STRINGS = NO;
				SWIFT_VERSION = 5.0;
				TEST_TARGET_NAME = App;
			};
			name = Debug;
		};
		C07A75812D36B11D0019CFD2 /* Release */ = {
			isa = XCBuildConfiguration;
			buildSettings = {
				CODE_SIGN_STYLE = Automatic;
				CURRENT_PROJECT_VERSION = 1;
				GENERATE_INFOPLIST_FILE = YES;
				MACOSX_DEPLOYMENT_TARGET = 15.2;
				MARKETING_VERSION = 1.0;
				PRODUCT_BUNDLE_IDENTIFIER = "-99gabriel.Jarvis.AppUITests";
				PRODUCT_NAME = "$(TARGET_NAME)";
				SDKROOT = macosx;
				SWIFT_EMIT_LOC_STRINGS = NO;
				SWIFT_VERSION = 5.0;
				TEST_TARGET_NAME = App;
			};
			name = Release;
		};
/* End XCBuildConfiguration section */

/* Begin XCConfigurationList section */
		C02A1F822D366C1A004AF8F9 /* Build configuration list for PBXProject "Jarvis" */ = {
			isa = XCConfigurationList;
			buildConfigurations = (
				C02A1FAA2D366C1B004AF8F9 /* Debug */,
				C02A1FAB2D366C1B004AF8F9 /* Release */,
			);
			defaultConfigurationIsVisible = 0;
			defaultConfigurationName = Release;
		};
		C02A1FAC2D366C1B004AF8F9 /* Build configuration list for PBXNativeTarget "Jarvis" */ = {
			isa = XCConfigurationList;
			buildConfigurations = (
				C02A1FAD2D366C1B004AF8F9 /* Debug */,
				C02A1FAE2D366C1B004AF8F9 /* Release */,
			);
			defaultConfigurationIsVisible = 0;
			defaultConfigurationName = Release;
		};
		C02A1FAF2D366C1B004AF8F9 /* Build configuration list for PBXNativeTarget "JarvisTests" */ = {
			isa = XCConfigurationList;
			buildConfigurations = (
				C02A1FB02D366C1B004AF8F9 /* Debug */,
				C02A1FB12D366C1B004AF8F9 /* Release */,
			);
			defaultConfigurationIsVisible = 0;
			defaultConfigurationName = Release;
		};
		C02A1FB22D366C1B004AF8F9 /* Build configuration list for PBXNativeTarget "JarvisUITests" */ = {
			isa = XCConfigurationList;
			buildConfigurations = (
				C02A1FB32D366C1B004AF8F9 /* Debug */,
				C02A1FB42D366C1B004AF8F9 /* Release */,
			);
			defaultConfigurationIsVisible = 0;
			defaultConfigurationName = Release;
		};
		C07A757C2D36B11D0019CFD2 /* Build configuration list for PBXNativeTarget "AppTests" */ = {
			isa = XCConfigurationList;
			buildConfigurations = (
				C07A757D2D36B11D0019CFD2 /* Debug */,
				C07A757E2D36B11D0019CFD2 /* Release */,
			);
			defaultConfigurationIsVisible = 0;
			defaultConfigurationName = Release;
		};
		C07A757F2D36B11D0019CFD2 /* Build configuration list for PBXNativeTarget "AppUITests" */ = {
			isa = XCConfigurationList;
			buildConfigurations = (
				C07A75802D36B11D0019CFD2 /* Debug */,
				C07A75812D36B11D0019CFD2 /* Release */,
			);
			defaultConfigurationIsVisible = 0;
			defaultConfigurationName = Release;
		};
/* End XCConfigurationList section */

/* Begin XCRemoteSwiftPackageReference section */
		C02A1FCB2D3688DB004AF8F9 /* XCRemoteSwiftPackageReference "Alamofire" */ = {
			isa = XCRemoteSwiftPackageReference;
			repositoryURL = "https://github.com/Alamofire/Alamofire";
			requirement = {
				kind = upToNextMajorVersion;
				minimumVersion = 5.10.2;
			};
		};
		C02A1FD02D368910004AF8F9 /* XCRemoteSwiftPackageReference "SwiftyJSON" */ = {
			isa = XCRemoteSwiftPackageReference;
			repositoryURL = "https://github.com/SwiftyJSON/SwiftyJSON";
			requirement = {
				kind = upToNextMajorVersion;
				minimumVersion = 5.0.2;
			};
		};
		C02A1FD32D368930004AF8F9 /* XCRemoteSwiftPackageReference "Kingfisher" */ = {
			isa = XCRemoteSwiftPackageReference;
			repositoryURL = "https://github.com/onevcat/Kingfisher";
			requirement = {
				kind = upToNextMajorVersion;
				minimumVersion = 8.1.3;
			};
		};
		C02A1FD62D36898E004AF8F9 /* XCRemoteSwiftPackageReference "SwiftSoup" */ = {
			isa = XCRemoteSwiftPackageReference;
			repositoryURL = "https://github.com/scinfu/SwiftSoup";
			requirement = {
				kind = upToNextMajorVersion;
				minimumVersion = 2.7.6;
			};
		};
		C02A1FD92D368A80004AF8F9 /* XCRemoteSwiftPackageReference "google-api-swift-client" */ = {
			isa = XCRemoteSwiftPackageReference;
			repositoryURL = "https://github.com/googleapis/google-api-swift-client";
			requirement = {
				kind = upToNextMajorVersion;
				minimumVersion = 1.0.0;
			};
		};
		C02A1FDE2D368BD7004AF8F9 /* XCRemoteSwiftPackageReference "GoogleSignIn-iOS" */ = {
			isa = XCRemoteSwiftPackageReference;
			repositoryURL = "https://github.com/google/GoogleSignIn-iOS";
			requirement = {
				kind = upToNextMajorVersion;
				minimumVersion = 8.0.0;
			};
		};
		C02A1FE32D368C65004AF8F9 /* XCRemoteSwiftPackageReference "google-api-objectivec-client-for-rest" */ = {
			isa = XCRemoteSwiftPackageReference;
			repositoryURL = "https://github.com/google/google-api-objectivec-client-for-rest";
			requirement = {
				kind = upToNextMajorVersion;
				minimumVersion = 1.0.0;
			};
		};
/* End XCRemoteSwiftPackageReference section */

/* Begin XCSwiftPackageProductDependency section */
		C02A1FCC2D3688DB004AF8F9 /* Alamofire */ = {
			isa = XCSwiftPackageProductDependency;
			package = C02A1FCB2D3688DB004AF8F9 /* XCRemoteSwiftPackageReference "Alamofire" */;
			productName = Alamofire;
		};
		C02A1FCE2D3688DB004AF8F9 /* AlamofireDynamic */ = {
			isa = XCSwiftPackageProductDependency;
			package = C02A1FCB2D3688DB004AF8F9 /* XCRemoteSwiftPackageReference "Alamofire" */;
			productName = AlamofireDynamic;
		};
		C02A1FD12D368910004AF8F9 /* SwiftyJSON */ = {
			isa = XCSwiftPackageProductDependency;
			package = C02A1FD02D368910004AF8F9 /* XCRemoteSwiftPackageReference "SwiftyJSON" */;
			productName = SwiftyJSON;
		};
		C02A1FD42D368930004AF8F9 /* Kingfisher */ = {
			isa = XCSwiftPackageProductDependency;
			package = C02A1FD32D368930004AF8F9 /* XCRemoteSwiftPackageReference "Kingfisher" */;
			productName = Kingfisher;
		};
		C02A1FD72D36898E004AF8F9 /* SwiftSoup */ = {
			isa = XCSwiftPackageProductDependency;
			package = C02A1FD62D36898E004AF8F9 /* XCRemoteSwiftPackageReference "SwiftSoup" */;
			productName = SwiftSoup;
		};
		C02A1FDA2D368A80004AF8F9 /* Discovery */ = {
			isa = XCSwiftPackageProductDependency;
			package = C02A1FD92D368A80004AF8F9 /* XCRemoteSwiftPackageReference "google-api-swift-client" */;
			productName = Discovery;
		};
		C02A1FDC2D368A80004AF8F9 /* GoogleAPIRuntime */ = {
			isa = XCSwiftPackageProductDependency;
			package = C02A1FD92D368A80004AF8F9 /* XCRemoteSwiftPackageReference "google-api-swift-client" */;
			productName = GoogleAPIRuntime;
		};
		C02A1FDF2D368BD7004AF8F9 /* GoogleSignIn */ = {
			isa = XCSwiftPackageProductDependency;
			package = C02A1FDE2D368BD7004AF8F9 /* XCRemoteSwiftPackageReference "GoogleSignIn-iOS" */;
			productName = GoogleSignIn;
		};
		C02A1FE12D368BD7004AF8F9 /* GoogleSignInSwift */ = {
			isa = XCSwiftPackageProductDependency;
			package = C02A1FDE2D368BD7004AF8F9 /* XCRemoteSwiftPackageReference "GoogleSignIn-iOS" */;
			productName = GoogleSignInSwift;
		};
		C02A1FE42D368C65004AF8F9 /* GoogleAPIClientForRESTCore */ = {
			isa = XCSwiftPackageProductDependency;
			package = C02A1FE32D368C65004AF8F9 /* XCRemoteSwiftPackageReference "google-api-objectivec-client-for-rest" */;
			productName = GoogleAPIClientForRESTCore;
		};
		C02A1FE62D368CEA004AF8F9 /* GoogleAPIClientForREST_ACMEDNS */ = {
			isa = XCSwiftPackageProductDependency;
			package = C02A1FE32D368C65004AF8F9 /* XCRemoteSwiftPackageReference "google-api-objectivec-client-for-rest" */;
			productName = GoogleAPIClientForREST_ACMEDNS;
		};
		C02A1FE82D368CEA004AF8F9 /* GoogleAPIClientForREST_AIPlatformNotebooks */ = {
			isa = XCSwiftPackageProductDependency;
			package = C02A1FE32D368C65004AF8F9 /* XCRemoteSwiftPackageReference "google-api-objectivec-client-for-rest" */;
			productName = GoogleAPIClientForREST_AIPlatformNotebooks;
		};
		C02A1FEA2D368CEA004AF8F9 /* GoogleAPIClientForREST_APIGateway */ = {
			isa = XCSwiftPackageProductDependency;
			package = C02A1FE32D368C65004AF8F9 /* XCRemoteSwiftPackageReference "google-api-objectivec-client-for-rest" */;
			productName = GoogleAPIClientForREST_APIGateway;
		};
		C02A1FEC2D368CEA004AF8F9 /* GoogleAPIClientForREST_APIManagement */ = {
			isa = XCSwiftPackageProductDependency;
			package = C02A1FE32D368C65004AF8F9 /* XCRemoteSwiftPackageReference "google-api-objectivec-client-for-rest" */;
			productName = GoogleAPIClientForREST_APIManagement;
		};
		C02A1FEE2D368CEA004AF8F9 /* GoogleAPIClientForREST_AbusiveExperienceReport */ = {
			isa = XCSwiftPackageProductDependency;
			package = C02A1FE32D368C65004AF8F9 /* XCRemoteSwiftPackageReference "google-api-objectivec-client-for-rest" */;
			productName = GoogleAPIClientForREST_AbusiveExperienceReport;
		};
		C02A1FF02D368CEA004AF8F9 /* GoogleAPIClientForREST_Acceleratedmobilepageurl */ = {
			isa = XCSwiftPackageProductDependency;
			package = C02A1FE32D368C65004AF8F9 /* XCRemoteSwiftPackageReference "google-api-objectivec-client-for-rest" */;
			productName = GoogleAPIClientForREST_Acceleratedmobilepageurl;
		};
		C02A1FF22D368CEA004AF8F9 /* GoogleAPIClientForREST_AccessApproval */ = {
			isa = XCSwiftPackageProductDependency;
			package = C02A1FE32D368C65004AF8F9 /* XCRemoteSwiftPackageReference "google-api-objectivec-client-for-rest" */;
			productName = GoogleAPIClientForREST_AccessApproval;
		};
		C02A1FF42D368CEA004AF8F9 /* GoogleAPIClientForREST_AccessContextManager */ = {
			isa = XCSwiftPackageProductDependency;
			package = C02A1FE32D368C65004AF8F9 /* XCRemoteSwiftPackageReference "google-api-objectivec-client-for-rest" */;
			productName = GoogleAPIClientForREST_AccessContextManager;
		};
		C02A1FF62D368CEA004AF8F9 /* GoogleAPIClientForREST_AdExchangeBuyerII */ = {
			isa = XCSwiftPackageProductDependency;
			package = C02A1FE32D368C65004AF8F9 /* XCRemoteSwiftPackageReference "google-api-objectivec-client-for-rest" */;
			productName = GoogleAPIClientForREST_AdExchangeBuyerII;
		};
		C02A1FFA2D36ACE6004AF8F9 /* GoogleAPIClientForREST_AdExperienceReport */ = {
			isa = XCSwiftPackageProductDependency;
			package = C02A1FE32D368C65004AF8F9 /* XCRemoteSwiftPackageReference "google-api-objectivec-client-for-rest" */;
			productName = GoogleAPIClientForREST_AdExperienceReport;
		};
		C02A1FFC2D36ACE6004AF8F9 /* GoogleAPIClientForREST_AdMob */ = {
			isa = XCSwiftPackageProductDependency;
			package = C02A1FE32D368C65004AF8F9 /* XCRemoteSwiftPackageReference "google-api-objectivec-client-for-rest" */;
			productName = GoogleAPIClientForREST_AdMob;
		};
		C02A1FFE2D36ACE6004AF8F9 /* GoogleAPIClientForREST_AdSenseHost */ = {
			isa = XCSwiftPackageProductDependency;
			package = C02A1FE32D368C65004AF8F9 /* XCRemoteSwiftPackageReference "google-api-objectivec-client-for-rest" */;
			productName = GoogleAPIClientForREST_AdSenseHost;
		};
		C02A20002D36ACE6004AF8F9 /* GoogleAPIClientForREST_AdSensePlatform */ = {
			isa = XCSwiftPackageProductDependency;
			package = C02A1FE32D368C65004AF8F9 /* XCRemoteSwiftPackageReference "google-api-objectivec-client-for-rest" */;
			productName = GoogleAPIClientForREST_AdSensePlatform;
		};
		C02A20022D36ACE6004AF8F9 /* GoogleAPIClientForREST_AddressValidation */ = {
			isa = XCSwiftPackageProductDependency;
			package = C02A1FE32D368C65004AF8F9 /* XCRemoteSwiftPackageReference "google-api-objectivec-client-for-rest" */;
			productName = GoogleAPIClientForREST_AddressValidation;
		};
		C02A20042D36ACE6004AF8F9 /* GoogleAPIClientForREST_Adsense */ = {
			isa = XCSwiftPackageProductDependency;
			package = C02A1FE32D368C65004AF8F9 /* XCRemoteSwiftPackageReference "google-api-objectivec-client-for-rest" */;
			productName = GoogleAPIClientForREST_Adsense;
		};
		C02A20062D36ACE6004AF8F9 /* GoogleAPIClientForREST_Advisorynotifications */ = {
			isa = XCSwiftPackageProductDependency;
			package = C02A1FE32D368C65004AF8F9 /* XCRemoteSwiftPackageReference "google-api-objectivec-client-for-rest" */;
			productName = GoogleAPIClientForREST_Advisorynotifications;
		};
		C02A20082D36ACE6004AF8F9 /* GoogleAPIClientForREST_Aiplatform */ = {
			isa = XCSwiftPackageProductDependency;
			package = C02A1FE32D368C65004AF8F9 /* XCRemoteSwiftPackageReference "google-api-objectivec-client-for-rest" */;
			productName = GoogleAPIClientForREST_Aiplatform;
		};
		C02A200A2D36ACE6004AF8F9 /* GoogleAPIClientForREST_AirQuality */ = {
			isa = XCSwiftPackageProductDependency;
			package = C02A1FE32D368C65004AF8F9 /* XCRemoteSwiftPackageReference "google-api-objectivec-client-for-rest" */;
			productName = GoogleAPIClientForREST_AirQuality;
		};
		C02A200C2D36ACE6004AF8F9 /* GoogleAPIClientForREST_AlertCenter */ = {
			isa = XCSwiftPackageProductDependency;
			package = C02A1FE32D368C65004AF8F9 /* XCRemoteSwiftPackageReference "google-api-objectivec-client-for-rest" */;
			productName = GoogleAPIClientForREST_AlertCenter;
		};
/* End XCSwiftPackageProductDependency section */
	};
	rootObject = C02A1F7F2D366C1A004AF8F9 /* Project object */;
}
